# generated by rye
# use `rye lock` or `rye sync` to update this lockfile
#
# last locked with the following flags:
#   pre: false
#   features: []
#   all-features: false
#   with-sources: false
#   generate-hashes: false

-e file:.
aiofiles==23.2.1
    # via twitter-api-client
anyio==4.4.0
    # via httpx
certifi==2024.6.2
    # via httpcore
    # via httpx
cffi==1.16.0
    # via cryptography
colorama==0.4.6
    # via tqdm
coverage==7.5.3
    # via ff-getter
cryptography==42.0.8
    # via ff-getter
freezegun==1.5.1
    # via ff-getter
h11==0.14.0
    # via httpcore
httpcore==1.0.5
    # via httpx
httpx==0.27.0
    # via ff-getter
    # via twitter-api-client
idna==3.7
    # via anyio
    # via httpx
isort==5.13.2
    # via ff-getter
jinja2==3.1.4
    # via ff-getter
m3u8==5.0.0
    # via twitter-api-client
markupsafe==2.1.5
    # via jinja2
mock==5.1.0
    # via ff-getter
nest-asyncio==1.6.0
    # via twitter-api-client
orjson==3.10.4
    # via ff-getter
    # via twitter-api-client
plyer==2.1.0
    # via ff-getter
pycodestyle==2.11.1
    # via ff-getter
pycparser==2.22
    # via cffi
python-dateutil==2.9.0.post0
    # via freezegun
ruff==0.4.8
    # via ff-getter
six==1.16.0
    # via python-dateutil
sniffio==1.3.1
    # via anyio
    # via httpx
tqdm==4.66.4
    # via twitter-api-client
twitter-api-client==0.10.22
    # via ff-getter
websockets==10.4
    # via twitter-api-client
