# generated by rye
# use `rye lock` or `rye sync` to update this lockfile
#
# last locked with the following flags:
#   pre: false
#   features: []
#   all-features: false
#   with-sources: false
#   generate-hashes: false
#   universal: false

-e file:.
aiofiles==25.1.0
    # via twitter-api-client
anyio==4.14.1
    # via httpx
beautifulsoup4==4.12.2
    # via tweeterpy
    # via xclienttransaction
certifi==2026.6.17
    # via curl-cffi
    # via httpcore
    # via httpx
cffi==2.0.0
    # via cryptography
    # via curl-cffi
colorama==0.4.6
    # via tqdm
coverage==7.14.3
    # via ff-getter
cryptography==49.0.0
    # via ff-getter
curl-cffi==0.13.0
    # via tweeterpy
demjson3==3.0.6
    # via tweeterpy
freezegun==1.5.5
    # via ff-getter
h11==0.16.0
    # via httpcore
httpcore==1.0.9
    # via httpx
httpx==0.28.1
    # via twitter-api-client
idna==3.18
    # via anyio
    # via httpx
isort==8.0.1
    # via ff-getter
jinja2==3.1.6
    # via ff-getter
lxml==5.2.2
    # via tweeterpy
m3u8==6.0.0
    # via twitter-api-client
markupsafe==3.0.3
    # via jinja2
mock==5.2.0
    # via ff-getter
nest-asyncio==1.6.0
    # via twitter-api-client
orjson==3.11.9
    # via ff-getter
    # via twitter-api-client
plyer==2.1.0
    # via ff-getter
pycodestyle==2.14.0
    # via ff-getter
pycparser==3.0
    # via cffi
pyotp==2.9.0
    # via tweeterpy
python-dateutil==2.9.0.post0
    # via freezegun
ruff==0.15.20
    # via ff-getter
six==1.17.0
    # via python-dateutil
soupsieve==2.8.4
    # via beautifulsoup4
tqdm==4.68.3
    # via twitter-api-client
tweeterpy==2.0.17
    # via ff-getter
twitter-api-client==0.10.22
    # via ff-getter
typing-extensions==4.15.0
    # via anyio
websockets==16.0
    # via twitter-api-client
xclienttransaction==1.0.3
    # via tweeterpy
